
Microsoft Visual Studio Solution File, Format Version 12.00
# Visual Studio Version 17
VisualStudioVersion = 17.10.35122.118
MinimumVisualStudioVersion = 10.0.40219.1
Project("{FAE04EC0-301F-11D3-BF4B-00C04F79EFBC}") = "AroundEarth", "AroundEarth.csproj", "{950588DF-8601-40DF-8F42-83480411F8EC}"
EndProject
Global
	GlobalSection(SolutionConfigurationPlatforms) = preSolution
		Debug|Any CPU = Debug|Any CPU
		Release|Any CPU = Release|Any CPU
	EndGlobalSection
	GlobalSection(ProjectConfigurationPlatforms) = postSolution
		{950588DF-8601-40DF-8F42-83480411F8EC}.Debug|Any CPU.ActiveCfg = Debug|Any CPU
		{950588DF-8601-40DF-8F42-83480411F8EC}.Debug|Any CPU.Build.0 = Debug|Any CPU
		{950588DF-8601-40DF-8F42-83480411F8EC}.Release|Any CPU.ActiveCfg = Release|Any CPU
		{950588DF-8601-40DF-8F42-83480411F8EC}.Release|Any CPU.Build.0 = Release|Any CPU
	EndGlobalSection
	GlobalSection(SolutionProperties) = preSolution
		HideSolutionNode = FALSE
	EndGlobalSection
	GlobalSection(ExtensibilityGlobals) = postSolution
		SolutionGuid = {6B099B41-46A1-4660-9253-66747C1DA2EB}
	EndGlobalSection
EndGlobal
