
Microsoft Visual Studio Solution File, Format Version 12.00
# Visual Studio Version 17
VisualStudioVersion = 17.10.35122.118
MinimumVisualStudioVersion = 10.0.40219.1
Project("{FAE04EC0-301F-11D3-BF4B-00C04F79EFBC}") = "MethodCall", "MethodCall.csproj", "{9FB9C9EF-8A88-450F-8545-4C8FFD8AA632}"
EndProject
Global
	GlobalSection(SolutionConfigurationPlatforms) = preSolution
		Debug|Any CPU = Debug|Any CPU
		Release|Any CPU = Release|Any CPU
	EndGlobalSection
	GlobalSection(ProjectConfigurationPlatforms) = postSolution
		{9FB9C9EF-8A88-450F-8545-4C8FFD8AA632}.Debug|Any CPU.ActiveCfg = Debug|Any CPU
		{9FB9C9EF-8A88-450F-8545-4C8FFD8AA632}.Debug|Any CPU.Build.0 = Debug|Any CPU
		{9FB9C9EF-8A88-450F-8545-4C8FFD8AA632}.Release|Any CPU.ActiveCfg = Release|Any CPU
		{9FB9C9EF-8A88-450F-8545-4C8FFD8AA632}.Release|Any CPU.Build.0 = Release|Any CPU
	EndGlobalSection
	GlobalSection(SolutionProperties) = preSolution
		HideSolutionNode = FALSE
	EndGlobalSection
	GlobalSection(ExtensibilityGlobals) = postSolution
		SolutionGuid = {6DCE67F8-3172-4DC8-995F-C3D355C868CB}
	EndGlobalSection
EndGlobal
